
Microsoft Visual Studio Solution File, Format Version 12.00
# Visual Studio Version 16
VisualStudioVersion = 16.0.30225.117
MinimumVisualStudioVersion = 10.0.40219.1
Project("{FAE04EC0-301F-11D3-BF4B-00C04F79EFBC}") = "APiTest", "APiTest\APiTest.csproj", "{19BEA69E-B6C6-4937-A34F-8A84FFB101AD}"
EndProject
Project("{FAE04EC0-301F-11D3-BF4B-00C04F79EFBC}") = "APiTest.Negocio", "APiTest.Negocio\APiTest.Negocio.csproj", "{30131924-133B-4853-B83C-2B5E269EC9CA}"
EndProject
Project("{FAE04EC0-301F-11D3-BF4B-00C04F79EFBC}") = "APiTest.Data", "APiTest.Data\APiTest.Data.csproj", "{32130971-856B-4D5D-8E75-30C476283EC3}"
EndProject
Project("{FAE04EC0-301F-11D3-BF4B-00C04F79EFBC}") = "APiTest.Infrastructure.IoC", "APiTest.Infrastructure.IoC\APiTest.Infrastructure.IoC.csproj", "{FF1B9E51-7432-489E-AD59-3A8582D7B109}"
EndProject
Project("{FAE04EC0-301F-11D3-BF4B-00C04F79EFBC}") = "APiTest.Common", "APiTest.Common\APiTest.Common.csproj", "{B64F8D54-F83A-4AF4-8E5A-314E4E5B7BDC}"
EndProject
Global
	GlobalSection(SolutionConfigurationPlatforms) = preSolution
		Debug|Any CPU = Debug|Any CPU
		Release|Any CPU = Release|Any CPU
	EndGlobalSection
	GlobalSection(ProjectConfigurationPlatforms) = postSolution
		{19BEA69E-B6C6-4937-A34F-8A84FFB101AD}.Debug|Any CPU.ActiveCfg = Debug|Any CPU
		{19BEA69E-B6C6-4937-A34F-8A84FFB101AD}.Debug|Any CPU.Build.0 = Debug|Any CPU
		{19BEA69E-B6C6-4937-A34F-8A84FFB101AD}.Release|Any CPU.ActiveCfg = Release|Any CPU
		{19BEA69E-B6C6-4937-A34F-8A84FFB101AD}.Release|Any CPU.Build.0 = Release|Any CPU
		{30131924-133B-4853-B83C-2B5E269EC9CA}.Debug|Any CPU.ActiveCfg = Debug|Any CPU
		{30131924-133B-4853-B83C-2B5E269EC9CA}.Debug|Any CPU.Build.0 = Debug|Any CPU
		{30131924-133B-4853-B83C-2B5E269EC9CA}.Release|Any CPU.ActiveCfg = Release|Any CPU
		{30131924-133B-4853-B83C-2B5E269EC9CA}.Release|Any CPU.Build.0 = Release|Any CPU
		{32130971-856B-4D5D-8E75-30C476283EC3}.Debug|Any CPU.ActiveCfg = Debug|Any CPU
		{32130971-856B-4D5D-8E75-30C476283EC3}.Debug|Any CPU.Build.0 = Debug|Any CPU
		{32130971-856B-4D5D-8E75-30C476283EC3}.Release|Any CPU.ActiveCfg = Release|Any CPU
		{32130971-856B-4D5D-8E75-30C476283EC3}.Release|Any CPU.Build.0 = Release|Any CPU
		{FF1B9E51-7432-489E-AD59-3A8582D7B109}.Debug|Any CPU.ActiveCfg = Debug|Any CPU
		{FF1B9E51-7432-489E-AD59-3A8582D7B109}.Debug|Any CPU.Build.0 = Debug|Any CPU
		{FF1B9E51-7432-489E-AD59-3A8582D7B109}.Release|Any CPU.ActiveCfg = Release|Any CPU
		{FF1B9E51-7432-489E-AD59-3A8582D7B109}.Release|Any CPU.Build.0 = Release|Any CPU
		{B64F8D54-F83A-4AF4-8E5A-314E4E5B7BDC}.Debug|Any CPU.ActiveCfg = Debug|Any CPU
		{B64F8D54-F83A-4AF4-8E5A-314E4E5B7BDC}.Debug|Any CPU.Build.0 = Debug|Any CPU
		{B64F8D54-F83A-4AF4-8E5A-314E4E5B7BDC}.Release|Any CPU.ActiveCfg = Release|Any CPU
		{B64F8D54-F83A-4AF4-8E5A-314E4E5B7BDC}.Release|Any CPU.Build.0 = Release|Any CPU
	EndGlobalSection
	GlobalSection(SolutionProperties) = preSolution
		HideSolutionNode = FALSE
	EndGlobalSection
	GlobalSection(ExtensibilityGlobals) = postSolution
		SolutionGuid = {BA18E4DA-A4A3-41DF-92AF-AE9F2956AF8A}
	EndGlobalSection
EndGlobal
